// !$*UTF8*$!
{
	archiveVersion = 1;
	classes = {
	};
	objectVersion = 56;
	objects = {

/* Begin PBXBuildFile section */
		9F3066C029C0ECFA00528028 /* SwiftUIExplorationApp.swift in Sources */ = {isa = PBXBuildFile; fileRef = 9F3066BF29C0ECFA00528028 /* SwiftUIExplorationApp.swift */; };
		9F3066C229C0ECFA00528028 /* ContentView.swift in Sources */ = {isa = PBXBuildFile; fileRef = 9F3066C129C0ECFA00528028 /* ContentView.swift */; };
		9F3066C429C0ECFB00528028 /* Assets.xcassets in Resources */ = {isa = PBXBuildFile; fileRef = 9F3066C329C0ECFB00528028 /* Assets.xcassets */; };
		9F3066C829C0ECFB00528028 /* Preview Assets.xcassets in Resources */ = {isa = PBXBuildFile; fileRef = 9F3066C729C0ECFB00528028 /* Preview Assets.xcassets */; };
		9F3066D229C0ECFB00528028 /* SwiftUIExplorationTests.swift in Sources */ = {isa = PBXBuildFile; fileRef = 9F3066D129C0ECFB00528028 /* SwiftUIExplorationTests.swift */; };
		9F3066DC29C0ECFB00528028 /* SwiftUIExplorationUITests.swift in Sources */ = {isa = PBXBuildFile; fileRef = 9F3066DB29C0ECFB00528028 /* SwiftUIExplorationUITests.swift */; };
		9F3066DE29C0ECFB00528028 /* SwiftUIExplorationUITestsLaunchTests.swift in Sources */ = {isa = PBXBuildFile; fileRef = 9F3066DD29C0ECFB00528028 /* SwiftUIExplorationUITestsLaunchTests.swift */; };
		9F3066ED29C0F2CA00528028 /* StepperExample.swift in Sources */ = {isa = PBXBuildFile; fileRef = 9F3066EC29C0F2CA00528028 /* StepperExample.swift */; };
		9F3066EF29C0F3A200528028 /* ProgressViewExample.swift in Sources */ = {isa = PBXBuildFile; fileRef = 9F3066EE29C0F3A200528028 /* ProgressViewExample.swift */; };
		9F3066F129C0F43400528028 /* PickerExample.swift in Sources */ = {isa = PBXBuildFile; fileRef = 9F3066F029C0F43400528028 /* PickerExample.swift */; };
		9F3066F329C0F58600528028 /* MenuExample.swift in Sources */ = {isa = PBXBuildFile; fileRef = 9F3066F229C0F58600528028 /* MenuExample.swift */; };
		9F3066F529C0F62700528028 /* ButtonExample.swift in Sources */ = {isa = PBXBuildFile; fileRef = 9F3066F429C0F62700528028 /* ButtonExample.swift */; };
		9F3066F729C0F70500528028 /* ControlSizeExample.swift in Sources */ = {isa = PBXBuildFile; fileRef = 9F3066F629C0F70500528028 /* ControlSizeExample.swift */; };
		9F3066F929C0F7BF00528028 /* DisclosureGroupExample.swift in Sources */ = {isa = PBXBuildFile; fileRef = 9F3066F829C0F7BF00528028 /* DisclosureGroupExample.swift */; };
		9F3066FD29C0F8B000528028 /* GroupBoxExample.swift in Sources */ = {isa = PBXBuildFile; fileRef = 9F3066FC29C0F8B000528028 /* GroupBoxExample.swift */; };
		9F30670129C0FA8D00528028 /* TextEditorExample.swift in Sources */ = {isa = PBXBuildFile; fileRef = 9F30670029C0FA8D00528028 /* TextEditorExample.swift */; };
		9F30670329C1059D00528028 /* ColorPickerExample.swift in Sources */ = {isa = PBXBuildFile; fileRef = 9F30670229C1059D00528028 /* ColorPickerExample.swift */; };
		9F30670529C106E900528028 /* DatePickerExample.swift in Sources */ = {isa = PBXBuildFile; fileRef = 9F30670429C106E900528028 /* DatePickerExample.swift */; };
		9F30670729C1093200528028 /* EditButtonExample.swift in Sources */ = {isa = PBXBuildFile; fileRef = 9F30670629C1093200528028 /* EditButtonExample.swift */; };
		9F30670929C10A8A00528028 /* FormExample.swift in Sources */ = {isa = PBXBuildFile; fileRef = 9F30670829C10A8A00528028 /* FormExample.swift */; };
		9F30670B29C10AED00528028 /* GaugeExample.swift in Sources */ = {isa = PBXBuildFile; fileRef = 9F30670A29C10AED00528028 /* GaugeExample.swift */; };
		9F30670F29C1109500528028 /* LabelExample.swift in Sources */ = {isa = PBXBuildFile; fileRef = 9F30670E29C1109500528028 /* LabelExample.swift */; };
		9F30671129C1116000528028 /* LabeledContentExample.swift in Sources */ = {isa = PBXBuildFile; fileRef = 9F30671029C1116000528028 /* LabeledContentExample.swift */; };
		9F30671329C117C900528028 /* LinkExample.swift in Sources */ = {isa = PBXBuildFile; fileRef = 9F30671229C117C900528028 /* LinkExample.swift */; };
		9F30671529C118D200528028 /* ListExample.swift in Sources */ = {isa = PBXBuildFile; fileRef = 9F30671429C118D200528028 /* ListExample.swift */; };
		9F30671729C1196000528028 /* MultiDatePickerExample.swift in Sources */ = {isa = PBXBuildFile; fileRef = 9F30671629C1196000528028 /* MultiDatePickerExample.swift */; };
		9F30671929C11A2E00528028 /* NavigationLinkExample.swift in Sources */ = {isa = PBXBuildFile; fileRef = 9F30671829C11A2E00528028 /* NavigationLinkExample.swift */; };
		9F30671B29C11C1800528028 /* NavigationSplitViewExample.swift in Sources */ = {isa = PBXBuildFile; fileRef = 9F30671A29C11C1800528028 /* NavigationSplitViewExample.swift */; };
		9F30671D29C11D3400528028 /* NavigationStackExample.swift in Sources */ = {isa = PBXBuildFile; fileRef = 9F30671C29C11D3400528028 /* NavigationStackExample.swift */; };
		9F30671F29C11DE700528028 /* OutlineGroupExample.swift in Sources */ = {isa = PBXBuildFile; fileRef = 9F30671E29C11DE700528028 /* OutlineGroupExample.swift */; };
		9F30672529C125C900528028 /* ScrollViewExample.swift in Sources */ = {isa = PBXBuildFile; fileRef = 9F30672429C125C900528028 /* ScrollViewExample.swift */; };
		9F30672729C1279500528028 /* SectionExample.swift in Sources */ = {isa = PBXBuildFile; fileRef = 9F30672629C1279500528028 /* SectionExample.swift */; };
		9F30672929C1293500528028 /* SecureFieldExample.swift in Sources */ = {isa = PBXBuildFile; fileRef = 9F30672829C1293500528028 /* SecureFieldExample.swift */; };
		9F30672B29C129E800528028 /* ShareLinkExample.swift in Sources */ = {isa = PBXBuildFile; fileRef = 9F30672A29C129E800528028 /* ShareLinkExample.swift */; };
		9F30672F29C12BBB00528028 /* SliderExample.swift in Sources */ = {isa = PBXBuildFile; fileRef = 9F30672E29C12BBB00528028 /* SliderExample.swift */; };
		9F30673129C12C5C00528028 /* TabViewExample.swift in Sources */ = {isa = PBXBuildFile; fileRef = 9F30673029C12C5C00528028 /* TabViewExample.swift */; };
		9F30673329C12E8600528028 /* BadgeExample.swift in Sources */ = {isa = PBXBuildFile; fileRef = 9F30673229C12E8600528028 /* BadgeExample.swift */; };
		9F30673529C1307300528028 /* TextExample.swift in Sources */ = {isa = PBXBuildFile; fileRef = 9F30673429C1307300528028 /* TextExample.swift */; };
		9F30673729C1315D00528028 /* TextFieldExample.swift in Sources */ = {isa = PBXBuildFile; fileRef = 9F30673629C1315D00528028 /* TextFieldExample.swift */; };
		9F30673929C131AC00528028 /* ToggleExample.swift in Sources */ = {isa = PBXBuildFile; fileRef = 9F30673829C131AC00528028 /* ToggleExample.swift */; };
		9FC1E92629C163D1009E2D2C /* ZStackExample.swift in Sources */ = {isa = PBXBuildFile; fileRef = 9FC1E92529C163D1009E2D2C /* ZStackExample.swift */; };
		9FC1E92829C16471009E2D2C /* GeometryReaderExample.swift in Sources */ = {isa = PBXBuildFile; fileRef = 9FC1E92729C16471009E2D2C /* GeometryReaderExample.swift */; };
		9FC1E92A29C1653E009E2D2C /* HStackExample.swift in Sources */ = {isa = PBXBuildFile; fileRef = 9FC1E92929C1653E009E2D2C /* HStackExample.swift */; };
		9FC1E92E29C1686A009E2D2C /* LazyHGridExample.swift in Sources */ = {isa = PBXBuildFile; fileRef = 9FC1E92D29C1686A009E2D2C /* LazyHGridExample.swift */; };
		9FC1E93029C169BB009E2D2C /* LazyHStackExample.swift in Sources */ = {isa = PBXBuildFile; fileRef = 9FC1E92F29C169BB009E2D2C /* LazyHStackExample.swift */; };
		9FC1E93229C16BFF009E2D2C /* LazyVGridExample.swift in Sources */ = {isa = PBXBuildFile; fileRef = 9FC1E93129C16BFF009E2D2C /* LazyVGridExample.swift */; };
		9FC1E93429C16D81009E2D2C /* LazyVStackExample.swift in Sources */ = {isa = PBXBuildFile; fileRef = 9FC1E93329C16D81009E2D2C /* LazyVStackExample.swift */; };
		9FC1E93629C16E21009E2D2C /* ScrollViewReaderExample.swift in Sources */ = {isa = PBXBuildFile; fileRef = 9FC1E93529C16E21009E2D2C /* ScrollViewReaderExample.swift */; };
		9FC1E93829C16F4C009E2D2C /* SpacerExample.swift in Sources */ = {isa = PBXBuildFile; fileRef = 9FC1E93729C16F4C009E2D2C /* SpacerExample.swift */; };
		9FC1E93A29C17053009E2D2C /* VStackExample.swift in Sources */ = {isa = PBXBuildFile; fileRef = 9FC1E93929C17053009E2D2C /* VStackExample.swift */; };
		9FC1E93C29C1718C009E2D2C /* ViewThatFitsExample.swift in Sources */ = {isa = PBXBuildFile; fileRef = 9FC1E93B29C1718C009E2D2C /* ViewThatFitsExample.swift */; };
		9FC1E93E29C17330009E2D2C /* AsyncImageExample.swift in Sources */ = {isa = PBXBuildFile; fileRef = 9FC1E93D29C17330009E2D2C /* AsyncImageExample.swift */; };
		9FC1E94029C17561009E2D2C /* DividerExample.swift in Sources */ = {isa = PBXBuildFile; fileRef = 9FC1E93F29C17561009E2D2C /* DividerExample.swift */; };
/* End PBXBuildFile section */

/* Begin PBXContainerItemProxy section */
		9F3066CE29C0ECFB00528028 /* PBXContainerItemProxy */ = {
			isa = PBXContainerItemProxy;
			containerPortal = 9F3066B429C0ECFA00528028 /* Project object */;
			proxyType = 1;
			remoteGlobalIDString = 9F3066BB29C0ECFA00528028;
			remoteInfo = SwiftUIExploration;
		};
		9F3066D829C0ECFB00528028 /* PBXContainerItemProxy */ = {
			isa = PBXContainerItemProxy;
			containerPortal = 9F3066B429C0ECFA00528028 /* Project object */;
			proxyType = 1;
			remoteGlobalIDString = 9F3066BB29C0ECFA00528028;
			remoteInfo = SwiftUIExploration;
		};
/* End PBXContainerItemProxy section */

/* Begin PBXFileReference section */
		9F3066BC29C0ECFA00528028 /* SwiftUIExploration.app */ = {isa = PBXFileReference; explicitFileType = wrapper.application; includeInIndex = 0; path = SwiftUIExploration.app; sourceTree = BUILT_PRODUCTS_DIR; };
		9F3066BF29C0ECFA00528028 /* SwiftUIExplorationApp.swift */ = {isa = PBXFileReference; lastKnownFileType = sourcecode.swift; path = SwiftUIExplorationApp.swift; sourceTree = "<group>"; };
		9F3066C129C0ECFA00528028 /* ContentView.swift */ = {isa = PBXFileReference; lastKnownFileType = sourcecode.swift; path = ContentView.swift; sourceTree = "<group>"; };
		9F3066C329C0ECFB00528028 /* Assets.xcassets */ = {isa = PBXFileReference; lastKnownFileType = folder.assetcatalog; path = Assets.xcassets; sourceTree = "<group>"; };
		9F3066C529C0ECFB00528028 /* SwiftUIExploration.entitlements */ = {isa = PBXFileReference; lastKnownFileType = text.plist.entitlements; path = SwiftUIExploration.entitlements; sourceTree = "<group>"; };
		9F3066C729C0ECFB00528028 /* Preview Assets.xcassets */ = {isa = PBXFileReference; lastKnownFileType = folder.assetcatalog; path = "Preview Assets.xcassets"; sourceTree = "<group>"; };
		9F3066CD29C0ECFB00528028 /* SwiftUIExplorationTests.xctest */ = {isa = PBXFileReference; explicitFileType = wrapper.cfbundle; includeInIndex = 0; path = SwiftUIExplorationTests.xctest; sourceTree = BUILT_PRODUCTS_DIR; };
		9F3066D129C0ECFB00528028 /* SwiftUIExplorationTests.swift */ = {isa = PBXFileReference; lastKnownFileType = sourcecode.swift; path = SwiftUIExplorationTests.swift; sourceTree = "<group>"; };
		9F3066D729C0ECFB00528028 /* SwiftUIExplorationUITests.xctest */ = {isa = PBXFileReference; explicitFileType = wrapper.cfbundle; includeInIndex = 0; path = SwiftUIExplorationUITests.xctest; sourceTree = BUILT_PRODUCTS_DIR; };
		9F3066DB29C0ECFB00528028 /* SwiftUIExplorationUITests.swift */ = {isa = PBXFileReference; lastKnownFileType = sourcecode.swift; path = SwiftUIExplorationUITests.swift; sourceTree = "<group>"; };
		9F3066DD29C0ECFB00528028 /* SwiftUIExplorationUITestsLaunchTests.swift */ = {isa = PBXFileReference; lastKnownFileType = sourcecode.swift; path = SwiftUIExplorationUITestsLaunchTests.swift; sourceTree = "<group>"; };
		9F3066EA29C0ED8700528028 /* README.md */ = {isa = PBXFileReference; lastKnownFileType = net.daringfireball.markdown; path = README.md; sourceTree = "<group>"; };
		9F3066EC29C0F2CA00528028 /* StepperExample.swift */ = {isa = PBXFileReference; lastKnownFileType = sourcecode.swift; path = StepperExample.swift; sourceTree = "<group>"; };
		9F3066EE29C0F3A200528028 /* ProgressViewExample.swift */ = {isa = PBXFileReference; lastKnownFileType = sourcecode.swift; path = ProgressViewExample.swift; sourceTree = "<group>"; };
		9F3066F029C0F43400528028 /* PickerExample.swift */ = {isa = PBXFileReference; lastKnownFileType = sourcecode.swift; path = PickerExample.swift; sourceTree = "<group>"; };
		9F3066F229C0F58600528028 /* MenuExample.swift */ = {isa = PBXFileReference; lastKnownFileType = sourcecode.swift; path = MenuExample.swift; sourceTree = "<group>"; };
		9F3066F429C0F62700528028 /* ButtonExample.swift */ = {isa = PBXFileReference; lastKnownFileType = sourcecode.swift; path = ButtonExample.swift; sourceTree = "<group>"; };
		9F3066F629C0F70500528028 /* ControlSizeExample.swift */ = {isa = PBXFileReference; lastKnownFileType = sourcecode.swift; path = ControlSizeExample.swift; sourceTree = "<group>"; };
		9F3066F829C0F7BF00528028 /* DisclosureGroupExample.swift */ = {isa = PBXFileReference; lastKnownFileType = sourcecode.swift; path = DisclosureGroupExample.swift; sourceTree = "<group>"; };
		9F3066FC29C0F8B000528028 /* GroupBoxExample.swift */ = {isa = PBXFileReference; lastKnownFileType = sourcecode.swift; path = GroupBoxExample.swift; sourceTree = "<group>"; };
		9F30670029C0FA8D00528028 /* TextEditorExample.swift */ = {isa = PBXFileReference; lastKnownFileType = sourcecode.swift; path = TextEditorExample.swift; sourceTree = "<group>"; };
		9F30670229C1059D00528028 /* ColorPickerExample.swift */ = {isa = PBXFileReference; lastKnownFileType = sourcecode.swift; path = ColorPickerExample.swift; sourceTree = "<group>"; };
		9F30670429C106E900528028 /* DatePickerExample.swift */ = {isa = PBXFileReference; lastKnownFileType = sourcecode.swift; path = DatePickerExample.swift; sourceTree = "<group>"; };
		9F30670629C1093200528028 /* EditButtonExample.swift */ = {isa = PBXFileReference; lastKnownFileType = sourcecode.swift; path = EditButtonExample.swift; sourceTree = "<group>"; };
		9F30670829C10A8A00528028 /* FormExample.swift */ = {isa = PBXFileReference; lastKnownFileType = sourcecode.swift; path = FormExample.swift; sourceTree = "<group>"; };
		9F30670A29C10AED00528028 /* GaugeExample.swift */ = {isa = PBXFileReference; lastKnownFileType = sourcecode.swift; path = GaugeExample.swift; sourceTree = "<group>"; };
		9F30670E29C1109500528028 /* LabelExample.swift */ = {isa = PBXFileReference; lastKnownFileType = sourcecode.swift; path = LabelExample.swift; sourceTree = "<group>"; };
		9F30671029C1116000528028 /* LabeledContentExample.swift */ = {isa = PBXFileReference; lastKnownFileType = sourcecode.swift; path = LabeledContentExample.swift; sourceTree = "<group>"; };
		9F30671229C117C900528028 /* LinkExample.swift */ = {isa = PBXFileReference; lastKnownFileType = sourcecode.swift; path = LinkExample.swift; sourceTree = "<group>"; };
		9F30671429C118D200528028 /* ListExample.swift */ = {isa = PBXFileReference; lastKnownFileType = sourcecode.swift; path = ListExample.swift; sourceTree = "<group>"; };
		9F30671629C1196000528028 /* MultiDatePickerExample.swift */ = {isa = PBXFileReference; lastKnownFileType = sourcecode.swift; path = MultiDatePickerExample.swift; sourceTree = "<group>"; };
		9F30671829C11A2E00528028 /* NavigationLinkExample.swift */ = {isa = PBXFileReference; lastKnownFileType = sourcecode.swift; path = NavigationLinkExample.swift; sourceTree = "<group>"; };
		9F30671A29C11C1800528028 /* NavigationSplitViewExample.swift */ = {isa = PBXFileReference; lastKnownFileType = sourcecode.swift; path = NavigationSplitViewExample.swift; sourceTree = "<group>"; };
		9F30671C29C11D3400528028 /* NavigationStackExample.swift */ = {isa = PBXFileReference; lastKnownFileType = sourcecode.swift; path = NavigationStackExample.swift; sourceTree = "<group>"; };
		9F30671E29C11DE700528028 /* OutlineGroupExample.swift */ = {isa = PBXFileReference; lastKnownFileType = sourcecode.swift; path = OutlineGroupExample.swift; sourceTree = "<group>"; };
		9F30672429C125C900528028 /* ScrollViewExample.swift */ = {isa = PBXFileReference; lastKnownFileType = sourcecode.swift; path = ScrollViewExample.swift; sourceTree = "<group>"; };
		9F30672629C1279500528028 /* SectionExample.swift */ = {isa = PBXFileReference; lastKnownFileType = sourcecode.swift; path = SectionExample.swift; sourceTree = "<group>"; };
		9F30672829C1293500528028 /* SecureFieldExample.swift */ = {isa = PBXFileReference; lastKnownFileType = sourcecode.swift; path = SecureFieldExample.swift; sourceTree = "<group>"; };
		9F30672A29C129E800528028 /* ShareLinkExample.swift */ = {isa = PBXFileReference; lastKnownFileType = sourcecode.swift; path = ShareLinkExample.swift; sourceTree = "<group>"; };
		9F30672E29C12BBB00528028 /* SliderExample.swift */ = {isa = PBXFileReference; lastKnownFileType = sourcecode.swift; path = SliderExample.swift; sourceTree = "<group>"; };
		9F30673029C12C5C00528028 /* TabViewExample.swift */ = {isa = PBXFileReference; lastKnownFileType = sourcecode.swift; path = TabViewExample.swift; sourceTree = "<group>"; };
		9F30673229C12E8600528028 /* BadgeExample.swift */ = {isa = PBXFileReference; lastKnownFileType = sourcecode.swift; path = BadgeExample.swift; sourceTree = "<group>"; };
		9F30673429C1307300528028 /* TextExample.swift */ = {isa = PBXFileReference; lastKnownFileType = sourcecode.swift; path = TextExample.swift; sourceTree = "<group>"; };
		9F30673629C1315D00528028 /* TextFieldExample.swift */ = {isa = PBXFileReference; lastKnownFileType = sourcecode.swift; path = TextFieldExample.swift; sourceTree = "<group>"; };
		9F30673829C131AC00528028 /* ToggleExample.swift */ = {isa = PBXFileReference; lastKnownFileType = sourcecode.swift; path = ToggleExample.swift; sourceTree = "<group>"; };
		9FC1E92529C163D1009E2D2C /* ZStackExample.swift */ = {isa = PBXFileReference; lastKnownFileType = sourcecode.swift; path = ZStackExample.swift; sourceTree = "<group>"; };
		9FC1E92729C16471009E2D2C /* GeometryReaderExample.swift */ = {isa = PBXFileReference; lastKnownFileType = sourcecode.swift; path = GeometryReaderExample.swift; sourceTree = "<group>"; };
		9FC1E92929C1653E009E2D2C /* HStackExample.swift */ = {isa = PBXFileReference; lastKnownFileType = sourcecode.swift; path = HStackExample.swift; sourceTree = "<group>"; };
		9FC1E92D29C1686A009E2D2C /* LazyHGridExample.swift */ = {isa = PBXFileReference; lastKnownFileType = sourcecode.swift; path = LazyHGridExample.swift; sourceTree = "<group>"; };
		9FC1E92F29C169BB009E2D2C /* LazyHStackExample.swift */ = {isa = PBXFileReference; lastKnownFileType = sourcecode.swift; path = LazyHStackExample.swift; sourceTree = "<group>"; };
		9FC1E93129C16BFF009E2D2C /* LazyVGridExample.swift */ = {isa = PBXFileReference; lastKnownFileType = sourcecode.swift; path = LazyVGridExample.swift; sourceTree = "<group>"; };
		9FC1E93329C16D81009E2D2C /* LazyVStackExample.swift */ = {isa = PBXFileReference; lastKnownFileType = sourcecode.swift; path = LazyVStackExample.swift; sourceTree = "<group>"; };
		9FC1E93529C16E21009E2D2C /* ScrollViewReaderExample.swift */ = {isa = PBXFileReference; lastKnownFileType = sourcecode.swift; path = ScrollViewReaderExample.swift; sourceTree = "<group>"; };
		9FC1E93729C16F4C009E2D2C /* SpacerExample.swift */ = {isa = PBXFileReference; lastKnownFileType = sourcecode.swift; path = SpacerExample.swift; sourceTree = "<group>"; };
		9FC1E93929C17053009E2D2C /* VStackExample.swift */ = {isa = PBXFileReference; lastKnownFileType = sourcecode.swift; path = VStackExample.swift; sourceTree = "<group>"; };
		9FC1E93B29C1718C009E2D2C /* ViewThatFitsExample.swift */ = {isa = PBXFileReference; lastKnownFileType = sourcecode.swift; path = ViewThatFitsExample.swift; sourceTree = "<group>"; };
		9FC1E93D29C17330009E2D2C /* AsyncImageExample.swift */ = {isa = PBXFileReference; lastKnownFileType = sourcecode.swift; path = AsyncImageExample.swift; sourceTree = "<group>"; };
		9FC1E93F29C17561009E2D2C /* DividerExample.swift */ = {isa = PBXFileReference; lastKnownFileType = sourcecode.swift; path = DividerExample.swift; sourceTree = "<group>"; };
/* End PBXFileReference section */

/* Begin PBXFrameworksBuildPhase section */
		9F3066B929C0ECFA00528028 /* Frameworks */ = {
			isa = PBXFrameworksBuildPhase;
			buildActionMask = 2147483647;
			files = (
			);
			runOnlyForDeploymentPostprocessing = 0;
		};
		9F3066CA29C0ECFB00528028 /* Frameworks */ = {
			isa = PBXFrameworksBuildPhase;
			buildActionMask = 2147483647;
			files = (
			);
			runOnlyForDeploymentPostprocessing = 0;
		};
		9F3066D429C0ECFB00528028 /* Frameworks */ = {
			isa = PBXFrameworksBuildPhase;
			buildActionMask = 2147483647;
			files = (
			);
			runOnlyForDeploymentPostprocessing = 0;
		};
/* End PBXFrameworksBuildPhase section */

/* Begin PBXGroup section */
		9F3066B329C0ECFA00528028 = {
			isa = PBXGroup;
			children = (
				9F3066EA29C0ED8700528028 /* README.md */,
				9F3066BE29C0ECFA00528028 /* SwiftUIExploration */,
				9F3066D029C0ECFB00528028 /* SwiftUIExplorationTests */,
				9F3066DA29C0ECFB00528028 /* SwiftUIExplorationUITests */,
				9F3066BD29C0ECFA00528028 /* Products */,
			);
			sourceTree = "<group>";
		};
		9F3066BD29C0ECFA00528028 /* Products */ = {
			isa = PBXGroup;
			children = (
				9F3066BC29C0ECFA00528028 /* SwiftUIExploration.app */,
				9F3066CD29C0ECFB00528028 /* SwiftUIExplorationTests.xctest */,
				9F3066D729C0ECFB00528028 /* SwiftUIExplorationUITests.xctest */,
			);
			name = Products;
			sourceTree = "<group>";
		};
		9F3066BE29C0ECFA00528028 /* SwiftUIExploration */ = {
			isa = PBXGroup;
			children = (
				9F3066EB29C0F00800528028 /* Examples */,
				9F3066BF29C0ECFA00528028 /* SwiftUIExplorationApp.swift */,
				9F3066C129C0ECFA00528028 /* ContentView.swift */,
				9F3066C329C0ECFB00528028 /* Assets.xcassets */,
				9F3066C529C0ECFB00528028 /* SwiftUIExploration.entitlements */,
				9F3066C629C0ECFB00528028 /* Preview Content */,
			);
			path = SwiftUIExploration;
			sourceTree = "<group>";
		};
		9F3066C629C0ECFB00528028 /* Preview Content */ = {
			isa = PBXGroup;
			children = (
				9F3066C729C0ECFB00528028 /* Preview Assets.xcassets */,
			);
			path = "Preview Content";
			sourceTree = "<group>";
		};
		9F3066D029C0ECFB00528028 /* SwiftUIExplorationTests */ = {
			isa = PBXGroup;
			children = (
				9F3066D129C0ECFB00528028 /* SwiftUIExplorationTests.swift */,
			);
			path = SwiftUIExplorationTests;
			sourceTree = "<group>";
		};
		9F3066DA29C0ECFB00528028 /* SwiftUIExplorationUITests */ = {
			isa = PBXGroup;
			children = (
				9F3066DB29C0ECFB00528028 /* SwiftUIExplorationUITests.swift */,
				9F3066DD29C0ECFB00528028 /* SwiftUIExplorationUITestsLaunchTests.swift */,
			);
			path = SwiftUIExplorationUITests;
			sourceTree = "<group>";
		};
		9F3066EB29C0F00800528028 /* Examples */ = {
			isa = PBXGroup;
			children = (
				9F3066EC29C0F2CA00528028 /* StepperExample.swift */,
				9F3066EE29C0F3A200528028 /* ProgressViewExample.swift */,
				9F3066F029C0F43400528028 /* PickerExample.swift */,
				9F3066F229C0F58600528028 /* MenuExample.swift */,
				9F3066F429C0F62700528028 /* ButtonExample.swift */,
				9F3066F629C0F70500528028 /* ControlSizeExample.swift */,
				9F3066F829C0F7BF00528028 /* DisclosureGroupExample.swift */,
				9F3066FC29C0F8B000528028 /* GroupBoxExample.swift */,
				9F30670029C0FA8D00528028 /* TextEditorExample.swift */,
				9F30670229C1059D00528028 /* ColorPickerExample.swift */,
				9F30670429C106E900528028 /* DatePickerExample.swift */,
				9F30670629C1093200528028 /* EditButtonExample.swift */,
				9F30670829C10A8A00528028 /* FormExample.swift */,
				9F30670A29C10AED00528028 /* GaugeExample.swift */,
				9F30670E29C1109500528028 /* LabelExample.swift */,
				9F30671029C1116000528028 /* LabeledContentExample.swift */,
				9F30671229C117C900528028 /* LinkExample.swift */,
				9F30671429C118D200528028 /* ListExample.swift */,
				9F30671629C1196000528028 /* MultiDatePickerExample.swift */,
				9F30671829C11A2E00528028 /* NavigationLinkExample.swift */,
				9F30671A29C11C1800528028 /* NavigationSplitViewExample.swift */,
				9F30671C29C11D3400528028 /* NavigationStackExample.swift */,
				9F30671E29C11DE700528028 /* OutlineGroupExample.swift */,
				9F30672429C125C900528028 /* ScrollViewExample.swift */,
				9F30672629C1279500528028 /* SectionExample.swift */,
				9F30672829C1293500528028 /* SecureFieldExample.swift */,
				9F30672A29C129E800528028 /* ShareLinkExample.swift */,
				9F30672E29C12BBB00528028 /* SliderExample.swift */,
				9F30673029C12C5C00528028 /* TabViewExample.swift */,
				9F30673229C12E8600528028 /* BadgeExample.swift */,
				9F30673429C1307300528028 /* TextExample.swift */,
				9F30673629C1315D00528028 /* TextFieldExample.swift */,
				9F30673829C131AC00528028 /* ToggleExample.swift */,
				9FC1E92529C163D1009E2D2C /* ZStackExample.swift */,
				9FC1E92729C16471009E2D2C /* GeometryReaderExample.swift */,
				9FC1E92929C1653E009E2D2C /* HStackExample.swift */,
				9FC1E92D29C1686A009E2D2C /* LazyHGridExample.swift */,
				9FC1E92F29C169BB009E2D2C /* LazyHStackExample.swift */,
				9FC1E93129C16BFF009E2D2C /* LazyVGridExample.swift */,
				9FC1E93329C16D81009E2D2C /* LazyVStackExample.swift */,
				9FC1E93529C16E21009E2D2C /* ScrollViewReaderExample.swift */,
				9FC1E93729C16F4C009E2D2C /* SpacerExample.swift */,
				9FC1E93929C17053009E2D2C /* VStackExample.swift */,
				9FC1E93B29C1718C009E2D2C /* ViewThatFitsExample.swift */,
				9FC1E93D29C17330009E2D2C /* AsyncImageExample.swift */,
				9FC1E93F29C17561009E2D2C /* DividerExample.swift */,
			);
			path = Examples;
			sourceTree = "<group>";
		};
/* End PBXGroup section */

/* Begin PBXNativeTarget section */
		9F3066BB29C0ECFA00528028 /* SwiftUIExploration */ = {
			isa = PBXNativeTarget;
			buildConfigurationList = 9F3066E129C0ECFB00528028 /* Build configuration list for PBXNativeTarget "SwiftUIExploration" */;
			buildPhases = (
				9F3066B829C0ECFA00528028 /* Sources */,
				9F3066B929C0ECFA00528028 /* Frameworks */,
				9F3066BA29C0ECFA00528028 /* Resources */,
			);
			buildRules = (
			);
			dependencies = (
			);
			name = SwiftUIExploration;
			productName = SwiftUIExploration;
			productReference = 9F3066BC29C0ECFA00528028 /* SwiftUIExploration.app */;
			productType = "com.apple.product-type.application";
		};
		9F3066CC29C0ECFB00528028 /* SwiftUIExplorationTests */ = {
			isa = PBXNativeTarget;
			buildConfigurationList = 9F3066E429C0ECFB00528028 /* Build configuration list for PBXNativeTarget "SwiftUIExplorationTests" */;
			buildPhases = (
				9F3066C929C0ECFB00528028 /* Sources */,
				9F3066CA29C0ECFB00528028 /* Frameworks */,
				9F3066CB29C0ECFB00528028 /* Resources */,
			);
			buildRules = (
			);
			dependencies = (
				9F3066CF29C0ECFB00528028 /* PBXTargetDependency */,
			);
			name = SwiftUIExplorationTests;
			productName = SwiftUIExplorationTests;
			productReference = 9F3066CD29C0ECFB00528028 /* SwiftUIExplorationTests.xctest */;
			productType = "com.apple.product-type.bundle.unit-test";
		};
		9F3066D629C0ECFB00528028 /* SwiftUIExplorationUITests */ = {
			isa = PBXNativeTarget;
			buildConfigurationList = 9F3066E729C0ECFB00528028 /* Build configuration list for PBXNativeTarget "SwiftUIExplorationUITests" */;
			buildPhases = (
				9F3066D329C0ECFB00528028 /* Sources */,
				9F3066D429C0ECFB00528028 /* Frameworks */,
				9F3066D529C0ECFB00528028 /* Resources */,
			);
			buildRules = (
			);
			dependencies = (
				9F3066D929C0ECFB00528028 /* PBXTargetDependency */,
			);
			name = SwiftUIExplorationUITests;
			productName = SwiftUIExplorationUITests;
			productReference = 9F3066D729C0ECFB00528028 /* SwiftUIExplorationUITests.xctest */;
			productType = "com.apple.product-type.bundle.ui-testing";
		};
/* End PBXNativeTarget section */

/* Begin PBXProject section */
		9F3066B429C0ECFA00528028 /* Project object */ = {
			isa = PBXProject;
			attributes = {
				BuildIndependentTargetsInParallel = 1;
				LastSwiftUpdateCheck = 1410;
				LastUpgradeCheck = 1410;
				TargetAttributes = {
					9F3066BB29C0ECFA00528028 = {
						CreatedOnToolsVersion = 14.1;
					};
					9F3066CC29C0ECFB00528028 = {
						CreatedOnToolsVersion = 14.1;
						TestTargetID = 9F3066BB29C0ECFA00528028;
					};
					9F3066D629C0ECFB00528028 = {
						CreatedOnToolsVersion = 14.1;
						TestTargetID = 9F3066BB29C0ECFA00528028;
					};
				};
			};
			buildConfigurationList = 9F3066B729C0ECFA00528028 /* Build configuration list for PBXProject "SwiftUIExploration" */;
			compatibilityVersion = "Xcode 14.0";
			developmentRegion = en;
			hasScannedForEncodings = 0;
			knownRegions = (
				en,
				Base,
			);
			mainGroup = 9F3066B329C0ECFA00528028;
			productRefGroup = 9F3066BD29C0ECFA00528028 /* Products */;
			projectDirPath = "";
			projectRoot = "";
			targets = (
				9F3066BB29C0ECFA00528028 /* SwiftUIExploration */,
				9F3066CC29C0ECFB00528028 /* SwiftUIExplorationTests */,
				9F3066D629C0ECFB00528028 /* SwiftUIExplorationUITests */,
			);
		};
/* End PBXProject section */

/* Begin PBXResourcesBuildPhase section */
		9F3066BA29C0ECFA00528028 /* Resources */ = {
			isa = PBXResourcesBuildPhase;
			buildActionMask = 2147483647;
			files = (
				9F3066C829C0ECFB00528028 /* Preview Assets.xcassets in Resources */,
				9F3066C429C0ECFB00528028 /* Assets.xcassets in Resources */,
			);
			runOnlyForDeploymentPostprocessing = 0;
		};
		9F3066CB29C0ECFB00528028 /* Resources */ = {
			isa = PBXResourcesBuildPhase;
			buildActionMask = 2147483647;
			files = (
			);
			runOnlyForDeploymentPostprocessing = 0;
		};
		9F3066D529C0ECFB00528028 /* Resources */ = {
			isa = PBXResourcesBuildPhase;
			buildActionMask = 2147483647;
			files = (
			);
			runOnlyForDeploymentPostprocessing = 0;
		};
/* End PBXResourcesBuildPhase section */

/* Begin PBXSourcesBuildPhase section */
		9F3066B829C0ECFA00528028 /* Sources */ = {
			isa = PBXSourcesBuildPhase;
			buildActionMask = 2147483647;
			files = (
				9F30670929C10A8A00528028 /* FormExample.swift in Sources */,
				9F3066FD29C0F8B000528028 /* GroupBoxExample.swift in Sources */,
				9F30670B29C10AED00528028 /* GaugeExample.swift in Sources */,
				9FC1E93E29C17330009E2D2C /* AsyncImageExample.swift in Sources */,
				9F30673929C131AC00528028 /* ToggleExample.swift in Sources */,
				9FC1E93229C16BFF009E2D2C /* LazyVGridExample.swift in Sources */,
				9F3066F929C0F7BF00528028 /* DisclosureGroupExample.swift in Sources */,
				9FC1E93629C16E21009E2D2C /* ScrollViewReaderExample.swift in Sources */,
				9F30671529C118D200528028 /* ListExample.swift in Sources */,
				9F30671B29C11C1800528028 /* NavigationSplitViewExample.swift in Sources */,
				9F30672929C1293500528028 /* SecureFieldExample.swift in Sources */,
				9FC1E92829C16471009E2D2C /* GeometryReaderExample.swift in Sources */,
				9F3066F129C0F43400528028 /* PickerExample.swift in Sources */,
				9FC1E93C29C1718C009E2D2C /* ViewThatFitsExample.swift in Sources */,
				9FC1E92A29C1653E009E2D2C /* HStackExample.swift in Sources */,
				9F30671329C117C900528028 /* LinkExample.swift in Sources */,
				9FC1E92629C163D1009E2D2C /* ZStackExample.swift in Sources */,
				9F3066F529C0F62700528028 /* ButtonExample.swift in Sources */,
				9FC1E93A29C17053009E2D2C /* VStackExample.swift in Sources */,
				9F30670329C1059D00528028 /* ColorPickerExample.swift in Sources */,
				9F30672B29C129E800528028 /* ShareLinkExample.swift in Sources */,
				9F30673329C12E8600528028 /* BadgeExample.swift in Sources */,
				9F3066EF29C0F3A200528028 /* ProgressViewExample.swift in Sources */,
				9F30671129C1116000528028 /* LabeledContentExample.swift in Sources */,
				9F3066F729C0F70500528028 /* ControlSizeExample.swift in Sources */,
				9F30671929C11A2E00528028 /* NavigationLinkExample.swift in Sources */,
				9F30673129C12C5C00528028 /* TabViewExample.swift in Sources */,
				9F30670F29C1109500528028 /* LabelExample.swift in Sources */,
				9FC1E93429C16D81009E2D2C /* LazyVStackExample.swift in Sources */,
				9F30673529C1307300528028 /* TextExample.swift in Sources */,
				9F30672729C1279500528028 /* SectionExample.swift in Sources */,
				9F3066ED29C0F2CA00528028 /* StepperExample.swift in Sources */,
				9FC1E92E29C1686A009E2D2C /* LazyHGridExample.swift in Sources */,
				9F3066C229C0ECFA00528028 /* ContentView.swift in Sources */,
				9FC1E94029C17561009E2D2C /* DividerExample.swift in Sources */,
				9FC1E93029C169BB009E2D2C /* LazyHStackExample.swift in Sources */,
				9F30671D29C11D3400528028 /* NavigationStackExample.swift in Sources */,
				9F3066C029C0ECFA00528028 /* SwiftUIExplorationApp.swift in Sources */,
				9F30670729C1093200528028 /* EditButtonExample.swift in Sources */,
				9F30672529C125C900528028 /* ScrollViewExample.swift in Sources */,
				9F30671729C1196000528028 /* MultiDatePickerExample.swift in Sources */,
				9F3066F329C0F58600528028 /* MenuExample.swift in Sources */,
				9F30671F29C11DE700528028 /* OutlineGroupExample.swift in Sources */,
				9F30673729C1315D00528028 /* TextFieldExample.swift in Sources */,
				9FC1E93829C16F4C009E2D2C /* SpacerExample.swift in Sources */,
				9F30672F29C12BBB00528028 /* SliderExample.swift in Sources */,
				9F30670529C106E900528028 /* DatePickerExample.swift in Sources */,
				9F30670129C0FA8D00528028 /* TextEditorExample.swift in Sources */,
			);
			runOnlyForDeploymentPostprocessing = 0;
		};
		9F3066C929C0ECFB00528028 /* Sources */ = {
			isa = PBXSourcesBuildPhase;
			buildActionMask = 2147483647;
			files = (
				9F3066D229C0ECFB00528028 /* SwiftUIExplorationTests.swift in Sources */,
			);
			runOnlyForDeploymentPostprocessing = 0;
		};
		9F3066D329C0ECFB00528028 /* Sources */ = {
			isa = PBXSourcesBuildPhase;
			buildActionMask = 2147483647;
			files = (
				9F3066DE29C0ECFB00528028 /* SwiftUIExplorationUITestsLaunchTests.swift in Sources */,
				9F3066DC29C0ECFB00528028 /* SwiftUIExplorationUITests.swift in Sources */,
			);
			runOnlyForDeploymentPostprocessing = 0;
		};
/* End PBXSourcesBuildPhase section */

/* Begin PBXTargetDependency section */
		9F3066CF29C0ECFB00528028 /* PBXTargetDependency */ = {
			isa = PBXTargetDependency;
			target = 9F3066BB29C0ECFA00528028 /* SwiftUIExploration */;
			targetProxy = 9F3066CE29C0ECFB00528028 /* PBXContainerItemProxy */;
		};
		9F3066D929C0ECFB00528028 /* PBXTargetDependency */ = {
			isa = PBXTargetDependency;
			target = 9F3066BB29C0ECFA00528028 /* SwiftUIExploration */;
			targetProxy = 9F3066D829C0ECFB00528028 /* PBXContainerItemProxy */;
		};
/* End PBXTargetDependency section */

/* Begin XCBuildConfiguration section */
		9F3066DF29C0ECFB00528028 /* Debug */ = {
			isa = XCBuildConfiguration;
			buildSettings = {
				ALWAYS_SEARCH_USER_PATHS = NO;
				CLANG_ANALYZER_NONNULL = YES;
				CLANG_ANALYZER_NUMBER_OBJECT_CONVERSION = YES_AGGRESSIVE;
				CLANG_CXX_LANGUAGE_STANDARD = "gnu++20";
				CLANG_ENABLE_MODULES = YES;
				CLANG_ENABLE_OBJC_ARC = YES;
				CLANG_ENABLE_OBJC_WEAK = YES;
				CLANG_WARN_BLOCK_CAPTURE_AUTORELEASING = YES;
				CLANG_WARN_BOOL_CONVERSION = YES;
				CLANG_WARN_COMMA = YES;
				CLANG_WARN_CONSTANT_CONVERSION = YES;
				CLANG_WARN_DEPRECATED_OBJC_IMPLEMENTATIONS = YES;
				CLANG_WARN_DIRECT_OBJC_ISA_USAGE = YES_ERROR;
				CLANG_WARN_DOCUMENTATION_COMMENTS = YES;
				CLANG_WARN_EMPTY_BODY = YES;
				CLANG_WARN_ENUM_CONVERSION = YES;
				CLANG_WARN_INFINITE_RECURSION = YES;
				CLANG_WARN_INT_CONVERSION = YES;
				CLANG_WARN_NON_LITERAL_NULL_CONVERSION = YES;
				CLANG_WARN_OBJC_IMPLICIT_RETAIN_SELF = YES;
				CLANG_WARN_OBJC_LITERAL_CONVERSION = YES;
				CLANG_WARN_OBJC_ROOT_CLASS = YES_ERROR;
				CLANG_WARN_QUOTED_INCLUDE_IN_FRAMEWORK_HEADER = YES;
				CLANG_WARN_RANGE_LOOP_ANALYSIS = YES;
				CLANG_WARN_STRICT_PROTOTYPES = YES;
				CLANG_WARN_SUSPICIOUS_MOVE = YES;
				CLANG_WARN_UNGUARDED_AVAILABILITY = YES_AGGRESSIVE;
				CLANG_WARN_UNREACHABLE_CODE = YES;
				CLANG_WARN__DUPLICATE_METHOD_MATCH = YES;
				COPY_PHASE_STRIP = NO;
				DEBUG_INFORMATION_FORMAT = dwarf;
				ENABLE_STRICT_OBJC_MSGSEND = YES;
				ENABLE_TESTABILITY = YES;
				GCC_C_LANGUAGE_STANDARD = gnu11;
				GCC_DYNAMIC_NO_PIC = NO;
				GCC_NO_COMMON_BLOCKS = YES;
				GCC_OPTIMIZATION_LEVEL = 0;
				GCC_PREPROCESSOR_DEFINITIONS = (
					"DEBUG=1",
					"$(inherited)",
				);
				GCC_WARN_64_TO_32_BIT_CONVERSION = YES;
				GCC_WARN_ABOUT_RETURN_TYPE = YES_ERROR;
				GCC_WARN_UNDECLARED_SELECTOR = YES;
				GCC_WARN_UNINITIALIZED_AUTOS = YES_AGGRESSIVE;
				GCC_WARN_UNUSED_FUNCTION = YES;
				GCC_WARN_UNUSED_VARIABLE = YES;
				MTL_ENABLE_DEBUG_INFO = INCLUDE_SOURCE;
				MTL_FAST_MATH = YES;
				ONLY_ACTIVE_ARCH = YES;
				SWIFT_ACTIVE_COMPILATION_CONDITIONS = DEBUG;
				SWIFT_OPTIMIZATION_LEVEL = "-Onone";
			};
			name = Debug;
		};
		9F3066E029C0ECFB00528028 /* Release */ = {
			isa = XCBuildConfiguration;
			buildSettings = {
				ALWAYS_SEARCH_USER_PATHS = NO;
				CLANG_ANALYZER_NONNULL = YES;
				CLANG_ANALYZER_NUMBER_OBJECT_CONVERSION = YES_AGGRESSIVE;
				CLANG_CXX_LANGUAGE_STANDARD = "gnu++20";
				CLANG_ENABLE_MODULES = YES;
				CLANG_ENABLE_OBJC_ARC = YES;
				CLANG_ENABLE_OBJC_WEAK = YES;
				CLANG_WARN_BLOCK_CAPTURE_AUTORELEASING = YES;
				CLANG_WARN_BOOL_CONVERSION = YES;
				CLANG_WARN_COMMA = YES;
				CLANG_WARN_CONSTANT_CONVERSION = YES;
				CLANG_WARN_DEPRECATED_OBJC_IMPLEMENTATIONS = YES;
				CLANG_WARN_DIRECT_OBJC_ISA_USAGE = YES_ERROR;
				CLANG_WARN_DOCUMENTATION_COMMENTS = YES;
				CLANG_WARN_EMPTY_BODY = YES;
				CLANG_WARN_ENUM_CONVERSION = YES;
				CLANG_WARN_INFINITE_RECURSION = YES;
				CLANG_WARN_INT_CONVERSION = YES;
				CLANG_WARN_NON_LITERAL_NULL_CONVERSION = YES;
				CLANG_WARN_OBJC_IMPLICIT_RETAIN_SELF = YES;
				CLANG_WARN_OBJC_LITERAL_CONVERSION = YES;
				CLANG_WARN_OBJC_ROOT_CLASS = YES_ERROR;
				CLANG_WARN_QUOTED_INCLUDE_IN_FRAMEWORK_HEADER = YES;
				CLANG_WARN_RANGE_LOOP_ANALYSIS = YES;
				CLANG_WARN_STRICT_PROTOTYPES = YES;
				CLANG_WARN_SUSPICIOUS_MOVE = YES;
				CLANG_WARN_UNGUARDED_AVAILABILITY = YES_AGGRESSIVE;
				CLANG_WARN_UNREACHABLE_CODE = YES;
				CLANG_WARN__DUPLICATE_METHOD_MATCH = YES;
				COPY_PHASE_STRIP = NO;
				DEBUG_INFORMATION_FORMAT = "dwarf-with-dsym";
				ENABLE_NS_ASSERTIONS = NO;
				ENABLE_STRICT_OBJC_MSGSEND = YES;
				GCC_C_LANGUAGE_STANDARD = gnu11;
				GCC_NO_COMMON_BLOCKS = YES;
				GCC_WARN_64_TO_32_BIT_CONVERSION = YES;
				GCC_WARN_ABOUT_RETURN_TYPE = YES_ERROR;
				GCC_WARN_UNDECLARED_SELECTOR = YES;
				GCC_WARN_UNINITIALIZED_AUTOS = YES_AGGRESSIVE;
				GCC_WARN_UNUSED_FUNCTION = YES;
				GCC_WARN_UNUSED_VARIABLE = YES;
				MTL_ENABLE_DEBUG_INFO = NO;
				MTL_FAST_MATH = YES;
				SWIFT_COMPILATION_MODE = wholemodule;
				SWIFT_OPTIMIZATION_LEVEL = "-O";
			};
			name = Release;
		};
		9F3066E229C0ECFB00528028 /* Debug */ = {
			isa = XCBuildConfiguration;
			buildSettings = {
				ASSETCATALOG_COMPILER_APPICON_NAME = AppIcon;
				ASSETCATALOG_COMPILER_GLOBAL_ACCENT_COLOR_NAME = AccentColor;
				CODE_SIGN_ENTITLEMENTS = SwiftUIExploration/SwiftUIExploration.entitlements;
				CODE_SIGN_STYLE = Automatic;
				CURRENT_PROJECT_VERSION = 1;
				DEVELOPMENT_ASSET_PATHS = "\"SwiftUIExploration/Preview Content\"";
				ENABLE_PREVIEWS = YES;
				GENERATE_INFOPLIST_FILE = YES;
				"INFOPLIST_KEY_UIApplicationSceneManifest_Generation[sdk=iphoneos*]" = YES;
				"INFOPLIST_KEY_UIApplicationSceneManifest_Generation[sdk=iphonesimulator*]" = YES;
				"INFOPLIST_KEY_UIApplicationSupportsIndirectInputEvents[sdk=iphoneos*]" = YES;
				"INFOPLIST_KEY_UIApplicationSupportsIndirectInputEvents[sdk=iphonesimulator*]" = YES;
				"INFOPLIST_KEY_UILaunchScreen_Generation[sdk=iphoneos*]" = YES;
				"INFOPLIST_KEY_UILaunchScreen_Generation[sdk=iphonesimulator*]" = YES;
				"INFOPLIST_KEY_UIStatusBarStyle[sdk=iphoneos*]" = UIStatusBarStyleDefault;
				"INFOPLIST_KEY_UIStatusBarStyle[sdk=iphonesimulator*]" = UIStatusBarStyleDefault;
				INFOPLIST_KEY_UISupportedInterfaceOrientations_iPad = "UIInterfaceOrientationPortrait UIInterfaceOrientationPortraitUpsideDown UIInterfaceOrientationLandscapeLeft UIInterfaceOrientationLandscapeRight";
				INFOPLIST_KEY_UISupportedInterfaceOrientations_iPhone = "UIInterfaceOrientationPortrait UIInterfaceOrientationLandscapeLeft UIInterfaceOrientationLandscapeRight";
				IPHONEOS_DEPLOYMENT_TARGET = 16.1;
				LD_RUNPATH_SEARCH_PATHS = "@executable_path/Frameworks";
				"LD_RUNPATH_SEARCH_PATHS[sdk=macosx*]" = "@executable_path/../Frameworks";
				MACOSX_DEPLOYMENT_TARGET = 13.0;
				MARKETING_VERSION = 1.0;
				PRODUCT_BUNDLE_IDENTIFIER = trevordmiller.SwiftUIExploration;
				PRODUCT_NAME = "$(TARGET_NAME)";
				SDKROOT = auto;
				SUPPORTED_PLATFORMS = "iphoneos iphonesimulator macosx";
				SWIFT_EMIT_LOC_STRINGS = YES;
				SWIFT_VERSION = 5.0;
				TARGETED_DEVICE_FAMILY = "1,2";
			};
			name = Debug;
		};
		9F3066E329C0ECFB00528028 /* Release */ = {
			isa = XCBuildConfiguration;
			buildSettings = {
				ASSETCATALOG_COMPILER_APPICON_NAME = AppIcon;
				ASSETCATALOG_COMPILER_GLOBAL_ACCENT_COLOR_NAME = AccentColor;
				CODE_SIGN_ENTITLEMENTS = SwiftUIExploration/SwiftUIExploration.entitlements;
				CODE_SIGN_STYLE = Automatic;
				CURRENT_PROJECT_VERSION = 1;
				DEVELOPMENT_ASSET_PATHS = "\"SwiftUIExploration/Preview Content\"";
				ENABLE_PREVIEWS = YES;
				GENERATE_INFOPLIST_FILE = YES;
				"INFOPLIST_KEY_UIApplicationSceneManifest_Generation[sdk=iphoneos*]" = YES;
				"INFOPLIST_KEY_UIApplicationSceneManifest_Generation[sdk=iphonesimulator*]" = YES;
				"INFOPLIST_KEY_UIApplicationSupportsIndirectInputEvents[sdk=iphoneos*]" = YES;
				"INFOPLIST_KEY_UIApplicationSupportsIndirectInputEvents[sdk=iphonesimulator*]" = YES;
				"INFOPLIST_KEY_UILaunchScreen_Generation[sdk=iphoneos*]" = YES;
				"INFOPLIST_KEY_UILaunchScreen_Generation[sdk=iphonesimulator*]" = YES;
				"INFOPLIST_KEY_UIStatusBarStyle[sdk=iphoneos*]" = UIStatusBarStyleDefault;
				"INFOPLIST_KEY_UIStatusBarStyle[sdk=iphonesimulator*]" = UIStatusBarStyleDefault;
				INFOPLIST_KEY_UISupportedInterfaceOrientations_iPad = "UIInterfaceOrientationPortrait UIInterfaceOrientationPortraitUpsideDown UIInterfaceOrientationLandscapeLeft UIInterfaceOrientationLandscapeRight";
				INFOPLIST_KEY_UISupportedInterfaceOrientations_iPhone = "UIInterfaceOrientationPortrait UIInterfaceOrientationLandscapeLeft UIInterfaceOrientationLandscapeRight";
				IPHONEOS_DEPLOYMENT_TARGET = 16.1;
				LD_RUNPATH_SEARCH_PATHS = "@executable_path/Frameworks";
				"LD_RUNPATH_SEARCH_PATHS[sdk=macosx*]" = "@executable_path/../Frameworks";
				MACOSX_DEPLOYMENT_TARGET = 13.0;
				MARKETING_VERSION = 1.0;
				PRODUCT_BUNDLE_IDENTIFIER = trevordmiller.SwiftUIExploration;
				PRODUCT_NAME = "$(TARGET_NAME)";
				SDKROOT = auto;
				SUPPORTED_PLATFORMS = "iphoneos iphonesimulator macosx";
				SWIFT_EMIT_LOC_STRINGS = YES;
				SWIFT_VERSION = 5.0;
				TARGETED_DEVICE_FAMILY = "1,2";
			};
			name = Release;
		};
		9F3066E529C0ECFB00528028 /* Debug */ = {
			isa = XCBuildConfiguration;
			buildSettings = {
				ALWAYS_EMBED_SWIFT_STANDARD_LIBRARIES = YES;
				BUNDLE_LOADER = "$(TEST_HOST)";
				CODE_SIGN_STYLE = Automatic;
				CURRENT_PROJECT_VERSION = 1;
				GENERATE_INFOPLIST_FILE = YES;
				IPHONEOS_DEPLOYMENT_TARGET = 16.1;
				MACOSX_DEPLOYMENT_TARGET = 13.0;
				MARKETING_VERSION = 1.0;
				PRODUCT_BUNDLE_IDENTIFIER = trevordmiller.SwiftUIExplorationTests;
				PRODUCT_NAME = "$(TARGET_NAME)";
				SDKROOT = auto;
				SUPPORTED_PLATFORMS = "iphoneos iphonesimulator macosx";
				SWIFT_EMIT_LOC_STRINGS = NO;
				SWIFT_VERSION = 5.0;
				TARGETED_DEVICE_FAMILY = "1,2";
				TEST_HOST = "$(BUILT_PRODUCTS_DIR)/SwiftUIExploration.app/$(BUNDLE_EXECUTABLE_FOLDER_PATH)/SwiftUIExploration";
			};
			name = Debug;
		};
		9F3066E629C0ECFB00528028 /* Release */ = {
			isa = XCBuildConfiguration;
			buildSettings = {
				ALWAYS_EMBED_SWIFT_STANDARD_LIBRARIES = YES;
				BUNDLE_LOADER = "$(TEST_HOST)";
				CODE_SIGN_STYLE = Automatic;
				CURRENT_PROJECT_VERSION = 1;
				GENERATE_INFOPLIST_FILE = YES;
				IPHONEOS_DEPLOYMENT_TARGET = 16.1;
				MACOSX_DEPLOYMENT_TARGET = 13.0;
				MARKETING_VERSION = 1.0;
				PRODUCT_BUNDLE_IDENTIFIER = trevordmiller.SwiftUIExplorationTests;
				PRODUCT_NAME = "$(TARGET_NAME)";
				SDKROOT = auto;
				SUPPORTED_PLATFORMS = "iphoneos iphonesimulator macosx";
				SWIFT_EMIT_LOC_STRINGS = NO;
				SWIFT_VERSION = 5.0;
				TARGETED_DEVICE_FAMILY = "1,2";
				TEST_HOST = "$(BUILT_PRODUCTS_DIR)/SwiftUIExploration.app/$(BUNDLE_EXECUTABLE_FOLDER_PATH)/SwiftUIExploration";
			};
			name = Release;
		};
		9F3066E829C0ECFB00528028 /* Debug */ = {
			isa = XCBuildConfiguration;
			buildSettings = {
				ALWAYS_EMBED_SWIFT_STANDARD_LIBRARIES = YES;
				CODE_SIGN_STYLE = Automatic;
				CURRENT_PROJECT_VERSION = 1;
				GENERATE_INFOPLIST_FILE = YES;
				IPHONEOS_DEPLOYMENT_TARGET = 16.1;
				MACOSX_DEPLOYMENT_TARGET = 13.0;
				MARKETING_VERSION = 1.0;
				PRODUCT_BUNDLE_IDENTIFIER = trevordmiller.SwiftUIExplorationUITests;
				PRODUCT_NAME = "$(TARGET_NAME)";
				SDKROOT = auto;
				SUPPORTED_PLATFORMS = "iphoneos iphonesimulator macosx";
				SWIFT_EMIT_LOC_STRINGS = NO;
				SWIFT_VERSION = 5.0;
				TARGETED_DEVICE_FAMILY = "1,2";
				TEST_TARGET_NAME = SwiftUIExploration;
			};
			name = Debug;
		};
		9F3066E929C0ECFB00528028 /* Release */ = {
			isa = XCBuildConfiguration;
			buildSettings = {
				ALWAYS_EMBED_SWIFT_STANDARD_LIBRARIES = YES;
				CODE_SIGN_STYLE = Automatic;
				CURRENT_PROJECT_VERSION = 1;
				GENERATE_INFOPLIST_FILE = YES;
				IPHONEOS_DEPLOYMENT_TARGET = 16.1;
				MACOSX_DEPLOYMENT_TARGET = 13.0;
				MARKETING_VERSION = 1.0;
				PRODUCT_BUNDLE_IDENTIFIER = trevordmiller.SwiftUIExplorationUITests;
				PRODUCT_NAME = "$(TARGET_NAME)";
				SDKROOT = auto;
				SUPPORTED_PLATFORMS = "iphoneos iphonesimulator macosx";
				SWIFT_EMIT_LOC_STRINGS = NO;
				SWIFT_VERSION = 5.0;
				TARGETED_DEVICE_FAMILY = "1,2";
				TEST_TARGET_NAME = SwiftUIExploration;
			};
			name = Release;
		};
/* End XCBuildConfiguration section */

/* Begin XCConfigurationList section */
		9F3066B729C0ECFA00528028 /* Build configuration list for PBXProject "SwiftUIExploration" */ = {
			isa = XCConfigurationList;
			buildConfigurations = (
				9F3066DF29C0ECFB00528028 /* Debug */,
				9F3066E029C0ECFB00528028 /* Release */,
			);
			defaultConfigurationIsVisible = 0;
			defaultConfigurationName = Release;
		};
		9F3066E129C0ECFB00528028 /* Build configuration list for PBXNativeTarget "SwiftUIExploration" */ = {
			isa = XCConfigurationList;
			buildConfigurations = (
				9F3066E229C0ECFB00528028 /* Debug */,
				9F3066E329C0ECFB00528028 /* Release */,
			);
			defaultConfigurationIsVisible = 0;
			defaultConfigurationName = Release;
		};
		9F3066E429C0ECFB00528028 /* Build configuration list for PBXNativeTarget "SwiftUIExplorationTests" */ = {
			isa = XCConfigurationList;
			buildConfigurations = (
				9F3066E529C0ECFB00528028 /* Debug */,
				9F3066E629C0ECFB00528028 /* Release */,
			);
			defaultConfigurationIsVisible = 0;
			defaultConfigurationName = Release;
		};
		9F3066E729C0ECFB00528028 /* Build configuration list for PBXNativeTarget "SwiftUIExplorationUITests" */ = {
			isa = XCConfigurationList;
			buildConfigurations = (
				9F3066E829C0ECFB00528028 /* Debug */,
				9F3066E929C0ECFB00528028 /* Release */,
			);
			defaultConfigurationIsVisible = 0;
			defaultConfigurationName = Release;
		};
/* End XCConfigurationList section */
	};
	rootObject = 9F3066B429C0ECFA00528028 /* Project object */;
}
